
Microsoft Visual Studio Solution File, Format Version 12.00
# Visual Studio Version 16
VisualStudioVersion = 16.0.31005.135
MinimumVisualStudioVersion = 10.0.40219.1
Project("{9A19103F-16F7-4668-BE54-9A1E7A4F7556}") = "MissionEditor2", "MissionEditor2\MissionEditor2.csproj", "{0B5017F6-DFF3-4AC6-91BA-9A61B4E1F4BB}"
EndProject
Project("{9A19103F-16F7-4668-BE54-9A1E7A4F7556}") = "ReteEditor", "ReteEditor\ReteEditor.csproj", "{00689132-46C0-456C-8CF5-89D5B913210A}"
EndProject
Global
	GlobalSection(SolutionConfigurationPlatforms) = preSolution
		Debug|Any CPU = Debug|Any CPU
		Release|Any CPU = Release|Any CPU
	EndGlobalSection
	GlobalSection(ProjectConfigurationPlatforms) = postSolution
		{0B5017F6-DFF3-4AC6-91BA-9A61B4E1F4BB}.Debug|Any CPU.ActiveCfg = Debug|Any CPU
		{0B5017F6-DFF3-4AC6-91BA-9A61B4E1F4BB}.Debug|Any CPU.Build.0 = Debug|Any CPU
		{0B5017F6-DFF3-4AC6-91BA-9A61B4E1F4BB}.Release|Any CPU.ActiveCfg = Release|Any CPU
		{0B5017F6-DFF3-4AC6-91BA-9A61B4E1F4BB}.Release|Any CPU.Build.0 = Release|Any CPU
		{00689132-46C0-456C-8CF5-89D5B913210A}.Debug|Any CPU.ActiveCfg = Debug|Any CPU
		{00689132-46C0-456C-8CF5-89D5B913210A}.Debug|Any CPU.Build.0 = Debug|Any CPU
		{00689132-46C0-456C-8CF5-89D5B913210A}.Release|Any CPU.ActiveCfg = Release|Any CPU
		{00689132-46C0-456C-8CF5-89D5B913210A}.Release|Any CPU.Build.0 = Release|Any CPU
	EndGlobalSection
	GlobalSection(SolutionProperties) = preSolution
		HideSolutionNode = FALSE
	EndGlobalSection
	GlobalSection(ExtensibilityGlobals) = postSolution
		SolutionGuid = {0997755C-E119-43D6-9788-136CBAC9797C}
	EndGlobalSection
EndGlobal
